
Microsoft Visual Studio Solution File, Format Version 12.00
# Visual Studio Version 17
VisualStudioVersion = 17.5.33516.290
MinimumVisualStudioVersion = 10.0.40219.1
Project("{FAE04EC0-301F-11D3-BF4B-00C04F79EFBC}") = "Sample", "Sample\Sample.csproj", "{663DD040-9991-4F54-BAC5-B075A2C3FFC4}"
EndProject
Project("{FAE04EC0-301F-11D3-BF4B-00C04F79EFBC}") = "Common", "Common\Common.csproj", "{3DFA739E-0148-4F1E-ADBA-D1B9AD3A4078}"
EndProject
Project("{FAE04EC0-301F-11D3-BF4B-00C04F79EFBC}") = "Business", "Business\Business.csproj", "{848B75B4-FB55-49F2-BF7D-716E7C335C20}"
EndProject
Project("{FAE04EC0-301F-11D3-BF4B-00C04F79EFBC}") = "BaseTypes", "BaseTypes\BaseTypes.csproj", "{E2F416AF-2ACD-4910-9A25-A10E1C889D05}"
EndProject
Global
	GlobalSection(SolutionConfigurationPlatforms) = preSolution
		Debug|Any CPU = Debug|Any CPU
		Release|Any CPU = Release|Any CPU
	EndGlobalSection
	GlobalSection(ProjectConfigurationPlatforms) = postSolution
		{663DD040-9991-4F54-BAC5-B075A2C3FFC4}.Debug|Any CPU.ActiveCfg = Debug|Any CPU
		{663DD040-9991-4F54-BAC5-B075A2C3FFC4}.Debug|Any CPU.Build.0 = Debug|Any CPU
		{663DD040-9991-4F54-BAC5-B075A2C3FFC4}.Release|Any CPU.ActiveCfg = Release|Any CPU
		{663DD040-9991-4F54-BAC5-B075A2C3FFC4}.Release|Any CPU.Build.0 = Release|Any CPU
		{3DFA739E-0148-4F1E-ADBA-D1B9AD3A4078}.Debug|Any CPU.ActiveCfg = Debug|Any CPU
		{3DFA739E-0148-4F1E-ADBA-D1B9AD3A4078}.Debug|Any CPU.Build.0 = Debug|Any CPU
		{3DFA739E-0148-4F1E-ADBA-D1B9AD3A4078}.Release|Any CPU.ActiveCfg = Release|Any CPU
		{3DFA739E-0148-4F1E-ADBA-D1B9AD3A4078}.Release|Any CPU.Build.0 = Release|Any CPU
		{848B75B4-FB55-49F2-BF7D-716E7C335C20}.Debug|Any CPU.ActiveCfg = Debug|Any CPU
		{848B75B4-FB55-49F2-BF7D-716E7C335C20}.Debug|Any CPU.Build.0 = Debug|Any CPU
		{848B75B4-FB55-49F2-BF7D-716E7C335C20}.Release|Any CPU.ActiveCfg = Release|Any CPU
		{848B75B4-FB55-49F2-BF7D-716E7C335C20}.Release|Any CPU.Build.0 = Release|Any CPU
		{E2F416AF-2ACD-4910-9A25-A10E1C889D05}.Debug|Any CPU.ActiveCfg = Debug|Any CPU
		{E2F416AF-2ACD-4910-9A25-A10E1C889D05}.Debug|Any CPU.Build.0 = Debug|Any CPU
		{E2F416AF-2ACD-4910-9A25-A10E1C889D05}.Release|Any CPU.ActiveCfg = Release|Any CPU
		{E2F416AF-2ACD-4910-9A25-A10E1C889D05}.Release|Any CPU.Build.0 = Release|Any CPU
	EndGlobalSection
	GlobalSection(SolutionProperties) = preSolution
		HideSolutionNode = FALSE
	EndGlobalSection
	GlobalSection(ExtensibilityGlobals) = postSolution
		SolutionGuid = {4E6F09FB-F2BA-4B47-97E1-6F4D9E407182}
	EndGlobalSection
EndGlobal
